schema: '2.0'
stages:
  data_ingestion:
    cmd: python src/data/data_ingestion.py
    deps:
    - path: src/data/data_ingestion.py
      hash: md5
      md5: 89b6a3a1898ac320a7192ff7139b0187
      size: 3989
    params:
      params.yaml:
        data_ingestion.test_size: 0.25
    outs:
    - path: data/raw
      hash: md5
      md5: 1040bd19df02912d0abed17276d00926.dir
      size: 2672503
      nfiles: 2
  data_preprocessing:
    cmd: python src/data/data_preprocessing.py
    deps:
    - path: data/raw
      hash: md5
      md5: 1040bd19df02912d0abed17276d00926.dir
      size: 2672503
      nfiles: 2
    - path: src/data/data_preprocessing.py
      hash: md5
      md5: 817f1618d4d60306f36d5387d6de9c4e
      size: 3752
    outs:
    - path: data/interim
      hash: md5
      md5: 6933bc83b4d3a9bf06b3d5b308f1eeff.dir
      size: 2122521
      nfiles: 2
  model_building:
    cmd: python src/model/model_building.py
    deps:
    - path: data/interim
      hash: md5
      md5: 6933bc83b4d3a9bf06b3d5b308f1eeff.dir
      size: 2122521
      nfiles: 2
    - path: src/model/model_building.py
      hash: md5
      md5: bbeb9b195ebe533540a09014db66de16
      size: 4290
    outs:
    - path: log_model.pkl
      hash: md5
      md5: 7b852137e15475494c7fd59aa804aaae
      size: 216773
    - path: tfidf_vectorizer.pkl
      hash: md5
      md5: 84ae871e60be509d7bb1ed258493fe7b
      size: 334706
  model_eval:
    cmd: python src/model/model_evaluation.py
    deps:
    - path: data/interim
      hash: md5
      md5: 6933bc83b4d3a9bf06b3d5b308f1eeff.dir
      size: 2122521
      nfiles: 2
    - path: log_model.pkl
      hash: md5
      md5: 7b852137e15475494c7fd59aa804aaae
      size: 216773
    - path: src/model/model_evaluation.py
      hash: md5
      md5: 98709e26d8dc35ac5c4a4064fa23fedb
      size: 7374
    - path: tfidf_vectorizer.pkl
      hash: md5
      md5: 84ae871e60be509d7bb1ed258493fe7b
      size: 334706
    outs:
    - path: experiment_info.json
      hash: md5
      md5: 14c54d70c70f8f1ca3223bf8108386ae
      size: 88
  model_register:
    cmd: python src/model/register_model.py
    deps:
    - path: experiment_info.json
      hash: md5
      md5: 14c54d70c70f8f1ca3223bf8108386ae
      size: 88
    - path: src/model/register_model.py
      hash: md5
      md5: 0efcd30e2c55e127b9b1ed4cf002da08
      size: 2610
